
Microsoft Visual Studio Solution File, Format Version 12.00
# Visual Studio Version 18
VisualStudioVersion = 18.3.11312.210 d18.3
MinimumVisualStudioVersion = 10.0.40219.1
Project("{FAE04EC0-301F-11D3-BF4B-00C04F79EFBC}") = "MyStore.API", "APIGenerica\MyStore.API.csproj", "{317E71CC-A8D0-4E60-93D4-F5E61CEE4804}"
EndProject
Project("{FAE04EC0-301F-11D3-BF4B-00C04F79EFBC}") = "MyStore.Domain", "MyStore.Domain\MyStore.Domain.csproj", "{AF4F6A8C-778D-4EEE-89C2-3FF83D1047EB}"
EndProject
Project("{FAE04EC0-301F-11D3-BF4B-00C04F79EFBC}") = "MyStore.Application", "MyStore.Services\MyStore.Application.csproj", "{2686DD90-962C-4BB9-BA06-C66C45B40752}"
EndProject
Project("{FAE04EC0-301F-11D3-BF4B-00C04F79EFBC}") = "MyStore.Infrastructure", "MyStore.Infrastructure\MyStore.Infrastructure.csproj", "{33052E06-6933-4B81-B324-24234A82EC99}"
EndProject
Global
	GlobalSection(SolutionConfigurationPlatforms) = preSolution
		Debug|Any CPU = Debug|Any CPU
		Release|Any CPU = Release|Any CPU
	EndGlobalSection
	GlobalSection(ProjectConfigurationPlatforms) = postSolution
		{317E71CC-A8D0-4E60-93D4-F5E61CEE4804}.Debug|Any CPU.ActiveCfg = Debug|Any CPU
		{317E71CC-A8D0-4E60-93D4-F5E61CEE4804}.Debug|Any CPU.Build.0 = Debug|Any CPU
		{317E71CC-A8D0-4E60-93D4-F5E61CEE4804}.Release|Any CPU.ActiveCfg = Release|Any CPU
		{317E71CC-A8D0-4E60-93D4-F5E61CEE4804}.Release|Any CPU.Build.0 = Release|Any CPU
		{AF4F6A8C-778D-4EEE-89C2-3FF83D1047EB}.Debug|Any CPU.ActiveCfg = Debug|Any CPU
		{AF4F6A8C-778D-4EEE-89C2-3FF83D1047EB}.Debug|Any CPU.Build.0 = Debug|Any CPU
		{AF4F6A8C-778D-4EEE-89C2-3FF83D1047EB}.Release|Any CPU.ActiveCfg = Release|Any CPU
		{AF4F6A8C-778D-4EEE-89C2-3FF83D1047EB}.Release|Any CPU.Build.0 = Release|Any CPU
		{2686DD90-962C-4BB9-BA06-C66C45B40752}.Debug|Any CPU.ActiveCfg = Debug|Any CPU
		{2686DD90-962C-4BB9-BA06-C66C45B40752}.Debug|Any CPU.Build.0 = Debug|Any CPU
		{2686DD90-962C-4BB9-BA06-C66C45B40752}.Release|Any CPU.ActiveCfg = Release|Any CPU
		{2686DD90-962C-4BB9-BA06-C66C45B40752}.Release|Any CPU.Build.0 = Release|Any CPU
		{33052E06-6933-4B81-B324-24234A82EC99}.Debug|Any CPU.ActiveCfg = Debug|Any CPU
		{33052E06-6933-4B81-B324-24234A82EC99}.Debug|Any CPU.Build.0 = Debug|Any CPU
		{33052E06-6933-4B81-B324-24234A82EC99}.Release|Any CPU.ActiveCfg = Release|Any CPU
		{33052E06-6933-4B81-B324-24234A82EC99}.Release|Any CPU.Build.0 = Release|Any CPU
	EndGlobalSection
	GlobalSection(SolutionProperties) = preSolution
		HideSolutionNode = FALSE
	EndGlobalSection
	GlobalSection(ExtensibilityGlobals) = postSolution
		SolutionGuid = {449991BC-93BC-4F93-AA15-46CE9AFE0DEF}
	EndGlobalSection
EndGlobal
